
Microsoft Visual Studio Solution File, Format Version 12.00
# Visual Studio 15
VisualStudioVersion = 15.0.26124.0
MinimumVisualStudioVersion = 15.0.26124.0
Project("{FAE04EC0-301F-11D3-BF4B-00C04F79EFBC}") = "Orchard.API", "Orchard.API\Orchard.API.csproj", "{4E1A91E5-5F58-4F22-9E07-CC230A8B143D}"
EndProject
Project("{FAE04EC0-301F-11D3-BF4B-00C04F79EFBC}") = "Orchard.Repository", "Orchard.Repository\Orchard.Repository.csproj", "{C4AD4316-02AA-4079-B2BF-CFFD342EBE88}"
EndProject
Project("{FAE04EC0-301F-11D3-BF4B-00C04F79EFBC}") = "Orchard.Domain", "Orchard.Domain\Orchard.Domain.csproj", "{5A4CFDEF-6CBC-4093-B32A-AE75BC0D01A2}"
EndProject
Project("{FAE04EC0-301F-11D3-BF4B-00C04F79EFBC}") = "Orchard.Tests", "Orchard.Tests\Orchard.Tests.csproj", "{83608F33-A785-458E-A8E8-7C08F950A856}"
EndProject
Global
	GlobalSection(SolutionConfigurationPlatforms) = preSolution
		Debug|Any CPU = Debug|Any CPU
		Debug|x64 = Debug|x64
		Debug|x86 = Debug|x86
		Release|Any CPU = Release|Any CPU
		Release|x64 = Release|x64
		Release|x86 = Release|x86
	EndGlobalSection
	GlobalSection(SolutionProperties) = preSolution
		HideSolutionNode = FALSE
	EndGlobalSection
	GlobalSection(ProjectConfigurationPlatforms) = postSolution
		{4E1A91E5-5F58-4F22-9E07-CC230A8B143D}.Debug|Any CPU.ActiveCfg = Debug|Any CPU
		{4E1A91E5-5F58-4F22-9E07-CC230A8B143D}.Debug|Any CPU.Build.0 = Debug|Any CPU
		{4E1A91E5-5F58-4F22-9E07-CC230A8B143D}.Debug|x64.ActiveCfg = Debug|Any CPU
		{4E1A91E5-5F58-4F22-9E07-CC230A8B143D}.Debug|x64.Build.0 = Debug|Any CPU
		{4E1A91E5-5F58-4F22-9E07-CC230A8B143D}.Debug|x86.ActiveCfg = Debug|Any CPU
		{4E1A91E5-5F58-4F22-9E07-CC230A8B143D}.Debug|x86.Build.0 = Debug|Any CPU
		{4E1A91E5-5F58-4F22-9E07-CC230A8B143D}.Release|Any CPU.ActiveCfg = Release|Any CPU
		{4E1A91E5-5F58-4F22-9E07-CC230A8B143D}.Release|Any CPU.Build.0 = Release|Any CPU
		{4E1A91E5-5F58-4F22-9E07-CC230A8B143D}.Release|x64.ActiveCfg = Release|Any CPU
		{4E1A91E5-5F58-4F22-9E07-CC230A8B143D}.Release|x64.Build.0 = Release|Any CPU
		{4E1A91E5-5F58-4F22-9E07-CC230A8B143D}.Release|x86.ActiveCfg = Release|Any CPU
		{4E1A91E5-5F58-4F22-9E07-CC230A8B143D}.Release|x86.Build.0 = Release|Any CPU
		{C4AD4316-02AA-4079-B2BF-CFFD342EBE88}.Debug|Any CPU.ActiveCfg = Debug|Any CPU
		{C4AD4316-02AA-4079-B2BF-CFFD342EBE88}.Debug|Any CPU.Build.0 = Debug|Any CPU
		{C4AD4316-02AA-4079-B2BF-CFFD342EBE88}.Debug|x64.ActiveCfg = Debug|Any CPU
		{C4AD4316-02AA-4079-B2BF-CFFD342EBE88}.Debug|x64.Build.0 = Debug|Any CPU
		{C4AD4316-02AA-4079-B2BF-CFFD342EBE88}.Debug|x86.ActiveCfg = Debug|Any CPU
		{C4AD4316-02AA-4079-B2BF-CFFD342EBE88}.Debug|x86.Build.0 = Debug|Any CPU
		{C4AD4316-02AA-4079-B2BF-CFFD342EBE88}.Release|Any CPU.ActiveCfg = Release|Any CPU
		{C4AD4316-02AA-4079-B2BF-CFFD342EBE88}.Release|Any CPU.Build.0 = Release|Any CPU
		{C4AD4316-02AA-4079-B2BF-CFFD342EBE88}.Release|x64.ActiveCfg = Release|Any CPU
		{C4AD4316-02AA-4079-B2BF-CFFD342EBE88}.Release|x64.Build.0 = Release|Any CPU
		{C4AD4316-02AA-4079-B2BF-CFFD342EBE88}.Release|x86.ActiveCfg = Release|Any CPU
		{C4AD4316-02AA-4079-B2BF-CFFD342EBE88}.Release|x86.Build.0 = Release|Any CPU
		{5A4CFDEF-6CBC-4093-B32A-AE75BC0D01A2}.Debug|Any CPU.ActiveCfg = Debug|Any CPU
		{5A4CFDEF-6CBC-4093-B32A-AE75BC0D01A2}.Debug|Any CPU.Build.0 = Debug|Any CPU
		{5A4CFDEF-6CBC-4093-B32A-AE75BC0D01A2}.Debug|x64.ActiveCfg = Debug|Any CPU
		{5A4CFDEF-6CBC-4093-B32A-AE75BC0D01A2}.Debug|x64.Build.0 = Debug|Any CPU
		{5A4CFDEF-6CBC-4093-B32A-AE75BC0D01A2}.Debug|x86.ActiveCfg = Debug|Any CPU
		{5A4CFDEF-6CBC-4093-B32A-AE75BC0D01A2}.Debug|x86.Build.0 = Debug|Any CPU
		{5A4CFDEF-6CBC-4093-B32A-AE75BC0D01A2}.Release|Any CPU.ActiveCfg = Release|Any CPU
		{5A4CFDEF-6CBC-4093-B32A-AE75BC0D01A2}.Release|Any CPU.Build.0 = Release|Any CPU
		{5A4CFDEF-6CBC-4093-B32A-AE75BC0D01A2}.Release|x64.ActiveCfg = Release|Any CPU
		{5A4CFDEF-6CBC-4093-B32A-AE75BC0D01A2}.Release|x64.Build.0 = Release|Any CPU
		{5A4CFDEF-6CBC-4093-B32A-AE75BC0D01A2}.Release|x86.ActiveCfg = Release|Any CPU
		{5A4CFDEF-6CBC-4093-B32A-AE75BC0D01A2}.Release|x86.Build.0 = Release|Any CPU
		{83608F33-A785-458E-A8E8-7C08F950A856}.Debug|Any CPU.ActiveCfg = Debug|Any CPU
		{83608F33-A785-458E-A8E8-7C08F950A856}.Debug|Any CPU.Build.0 = Debug|Any CPU
		{83608F33-A785-458E-A8E8-7C08F950A856}.Debug|x64.ActiveCfg = Debug|Any CPU
		{83608F33-A785-458E-A8E8-7C08F950A856}.Debug|x64.Build.0 = Debug|Any CPU
		{83608F33-A785-458E-A8E8-7C08F950A856}.Debug|x86.ActiveCfg = Debug|Any CPU
		{83608F33-A785-458E-A8E8-7C08F950A856}.Debug|x86.Build.0 = Debug|Any CPU
		{83608F33-A785-458E-A8E8-7C08F950A856}.Release|Any CPU.ActiveCfg = Release|Any CPU
		{83608F33-A785-458E-A8E8-7C08F950A856}.Release|Any CPU.Build.0 = Release|Any CPU
		{83608F33-A785-458E-A8E8-7C08F950A856}.Release|x64.ActiveCfg = Release|Any CPU
		{83608F33-A785-458E-A8E8-7C08F950A856}.Release|x64.Build.0 = Release|Any CPU
		{83608F33-A785-458E-A8E8-7C08F950A856}.Release|x86.ActiveCfg = Release|Any CPU
		{83608F33-A785-458E-A8E8-7C08F950A856}.Release|x86.Build.0 = Release|Any CPU
	EndGlobalSection
EndGlobal
